
Microsoft Visual Studio Solution File, Format Version 12.00
# Visual Studio Version 17
VisualStudioVersion = 17.11.35327.3
MinimumVisualStudioVersion = 10.0.40219.1
Project("{FAE04EC0-301F-11D3-BF4B-00C04F79EFBC}") = "Day01", "Day01\Day01.csproj", "{898C6A09-A5E9-455C-8E12-637FCEA71994}"
EndProject
Global
	GlobalSection(SolutionConfigurationPlatforms) = preSolution
		Debug|Any CPU = Debug|Any CPU
		Release|Any CPU = Release|Any CPU
	EndGlobalSection
	GlobalSection(ProjectConfigurationPlatforms) = postSolution
		{898C6A09-A5E9-455C-8E12-637FCEA71994}.Debug|Any CPU.ActiveCfg = Debug|Any CPU
		{898C6A09-A5E9-455C-8E12-637FCEA71994}.Debug|Any CPU.Build.0 = Debug|Any CPU
		{898C6A09-A5E9-455C-8E12-637FCEA71994}.Release|Any CPU.ActiveCfg = Release|Any CPU
		{898C6A09-A5E9-455C-8E12-637FCEA71994}.Release|Any CPU.Build.0 = Release|Any CPU
	EndGlobalSection
	GlobalSection(SolutionProperties) = preSolution
		HideSolutionNode = FALSE
	EndGlobalSection
	GlobalSection(ExtensibilityGlobals) = postSolution
		SolutionGuid = {31BC5AA1-3034-4CAD-9E16-E13C8D15BC61}
	EndGlobalSection
EndGlobal
